<Solution>
  <Folder Name="/docs/" />
  <Folder Name="/docs/screenshots/" />
  <Folder Name="/Solution Items/">
    <File Path="&amp; Loglama Mimarisi.txt" />
    <File Path="../Architecture.md" />
    <File Path="../CLAUDE.md" />
    <File Path="../README.md" />
    <File Path="../README.tr.md" />
    <File Path="../README_NEW.md" />
    <File Path="explanations.txt" />
    <File Path="text.txt" />
    <File Path="whereami.txt" />
  </Folder>
  <Project Path="../VillaAgency.Business/VillaAgency.Business.csproj" />
  <Project Path="../VillaAgency.DataAccess/VillaAgency.DataAccess.csproj" />
  <Project Path="../VillaAgency.Dto/VillaAgency.Dto.csproj" />
  <Project Path="../VillaAgency.Entity/VillaAgency.Entity.csproj" />
  <Project Path="VillaAgency.WebUI.csproj" />
</Solution>
